
Microsoft Visual Studio Solution File, Format Version 12.00
# Visual Studio Version 16
VisualStudioVersion = 16.0.29318.209
MinimumVisualStudioVersion = 10.0.40219.1
Project("{8BC9CEB8-8B4A-11D0-8D11-00A0C91BC942}") = "sevenSeg", "sevenSeg\sevenSeg.vcxproj", "{50A5C385-8B26-453F-AA23-430B5D8386A1}"
EndProject
Global
	GlobalSection(SolutionConfigurationPlatforms) = preSolution
		Debug|x64 = Debug|x64
		Debug|x86 = Debug|x86
		Release|x64 = Release|x64
		Release|x86 = Release|x86
	EndGlobalSection
	GlobalSection(ProjectConfigurationPlatforms) = postSolution
		{50A5C385-8B26-453F-AA23-430B5D8386A1}.Debug|x64.ActiveCfg = Debug|x64
		{50A5C385-8B26-453F-AA23-430B5D8386A1}.Debug|x64.Build.0 = Debug|x64
		{50A5C385-8B26-453F-AA23-430B5D8386A1}.Debug|x86.ActiveCfg = Debug|Win32
		{50A5C385-8B26-453F-AA23-430B5D8386A1}.Debug|x86.Build.0 = Debug|Win32
		{50A5C385-8B26-453F-AA23-430B5D8386A1}.Release|x64.ActiveCfg = Release|x64
		{50A5C385-8B26-453F-AA23-430B5D8386A1}.Release|x64.Build.0 = Release|x64
		{50A5C385-8B26-453F-AA23-430B5D8386A1}.Release|x86.ActiveCfg = Release|Win32
		{50A5C385-8B26-453F-AA23-430B5D8386A1}.Release|x86.Build.0 = Release|Win32
	EndGlobalSection
	GlobalSection(SolutionProperties) = preSolution
		HideSolutionNode = FALSE
	EndGlobalSection
	GlobalSection(ExtensibilityGlobals) = postSolution
		SolutionGuid = {571CF8FE-2681-420B-B317-2B781C33DB60}
	EndGlobalSection
EndGlobal
